{
    "name": "biwascheme",
    "version": "0.6.7",
    "lockfileVersion": 1,
    "requires": true,
    "dependencies": {
        "accepts": {
            "version": "1.1.4",
            "resolved": "https://registry.npmjs.org/accepts/-/accepts-1.1.4.tgz",
            "integrity": "sha1-1xyW99QdD+2iw4zRToonwEFY30o=",
            "dev": true,
            "requires": {
                "mime-types": "~2.0.4",
                "negotiator": "0.4.9"
            },
            "dependencies": {
                "mime-db": {
                    "version": "1.12.0",
                    "resolved": "https://registry.npmjs.org/mime-db/-/mime-db-1.12.0.tgz",
                    "integrity": "sha1-PQxjGA9FjrENMlqqN9fFiuMS6dc=",
                    "dev": true
                },
                "mime-types": {
                    "version": "2.0.14",
                    "resolved": "https://registry.npmjs.org/mime-types/-/mime-types-2.0.14.tgz",
                    "integrity": "sha1-MQ4VnbI+B3+Lsit0jav6SVcUCqY=",
                    "dev": true,
                    "requires": {
                        "mime-db": "~1.12.0"
                    }
                }
            }
        },
        "async": {
            "version": "0.2.10",
            "resolved": "https://registry.npmjs.org/async/-/async-0.2.10.tgz",
            "integrity": "sha1-trvgsGdLnXGXCMo43owjfLUmw9E=",
            "dev": true
        },
        "body-parser": {
            "version": "1.14.2",
            "resolved": "https://registry.npmjs.org/body-parser/-/body-parser-1.14.2.tgz",
            "integrity": "sha1-EBXLH+LEQ4WCWVgdtTMy+NDPUPk=",
            "dev": true,
            "requires": {
                "bytes": "2.2.0",
                "content-type": "~1.0.1",
                "debug": "~2.2.0",
                "depd": "~1.1.0",
                "http-errors": "~1.3.1",
                "iconv-lite": "0.4.13",
                "on-finished": "~2.3.0",
                "qs": "5.2.0",
                "raw-body": "~2.1.5",
                "type-is": "~1.6.10"
            }
        },
        "bytes": {
            "version": "2.2.0",
            "resolved": "https://registry.npmjs.org/bytes/-/bytes-2.2.0.tgz",
            "integrity": "sha1-/TVGSkA/b5EXwt42Cez/nK4ABYg=",
            "dev": true
        },
        "colors": {
            "version": "0.6.2",
            "resolved": "https://registry.npmjs.org/colors/-/colors-0.6.2.tgz",
            "integrity": "sha1-JCP+ZnisDF2uiFLl0OW+CMmXq8w=",
            "dev": true
        },
        "content-disposition": {
            "version": "0.5.0",
            "resolved": "https://registry.npmjs.org/content-disposition/-/content-disposition-0.5.0.tgz",
            "integrity": "sha1-QoT+auBjCHRjnkToCkGMKTQTXp4=",
            "dev": true
        },
        "content-type": {
            "version": "1.0.1",
            "resolved": "https://registry.npmjs.org/content-type/-/content-type-1.0.1.tgz",
            "integrity": "sha1-oZ0iRzJ9wDgFDOYit6FU7FnF5gA=",
            "dev": true
        },
        "cookie": {
            "version": "0.1.2",
            "resolved": "https://registry.npmjs.org/cookie/-/cookie-0.1.2.tgz",
            "integrity": "sha1-cv7D0k5Io0Mgc9kMEmQgBQYQBLE=",
            "dev": true
        },
        "cookie-signature": {
            "version": "1.0.5",
            "resolved": "https://registry.npmjs.org/cookie-signature/-/cookie-signature-1.0.5.tgz",
            "integrity": "sha1-oSLj8VA+yg9TVXlbBxG7I2jUUPk=",
            "dev": true
        },
        "crc": {
            "version": "3.2.1",
            "resolved": "https://registry.npmjs.org/crc/-/crc-3.2.1.tgz",
            "integrity": "sha1-XZyPt3okXNXsopHl0tAFM0urAII=",
            "dev": true
        },
        "debug": {
            "version": "2.2.0",
            "resolved": "https://registry.npmjs.org/debug/-/debug-2.2.0.tgz",
            "integrity": "sha1-+HBX6ZWxofauaklgZkE3vFbwOdo=",
            "dev": true,
            "requires": {
                "ms": "0.7.1"
            }
        },
        "depd": {
            "version": "1.1.0",
            "resolved": "https://registry.npmjs.org/depd/-/depd-1.1.0.tgz",
            "integrity": "sha1-4b2Cxqq2ztlluXuIsX7T5SjKGMM=",
            "dev": true
        },
        "destroy": {
            "version": "1.0.3",
            "resolved": "https://registry.npmjs.org/destroy/-/destroy-1.0.3.tgz",
            "integrity": "sha1-tDO0ck5x/YVR2YhRdIUcX8N34sk=",
            "dev": true
        },
        "ee-first": {
            "version": "1.1.1",
            "resolved": "https://registry.npmjs.org/ee-first/-/ee-first-1.1.1.tgz",
            "integrity": "sha1-WQxhFWsK4vTwJVcyoViyZrxWsh0=",
            "dev": true
        },
        "ejs": {
            "version": "2.5.9",
            "resolved": "https://registry.npmjs.org/ejs/-/ejs-2.5.9.tgz",
            "integrity": "sha512-GJCAeDBKfREgkBtgrYSf9hQy9kTb3helv0zGdzqhM7iAkW8FA/ZF97VQDbwFiwIT8MQLLOe5VlPZOEvZAqtUAQ==",
            "dev": true
        },
        "ejs-cli": {
            "version": "2.0.1",
            "resolved": "https://registry.npmjs.org/ejs-cli/-/ejs-cli-2.0.1.tgz",
            "integrity": "sha512-snHiB9CdKB/ndZw94u9Z7qn9e6ctkURO/31cEGkgHS2dDkDxjqwJJYRg/XdGpItBCMiiAk/NUN9h0GomNitbpQ==",
            "dev": true,
            "requires": {
                "async": "~0.2.10",
                "colors": "~0.6.1",
                "ejs": "2.x",
                "glob": "~3.2.9",
                "mkdirp": "^0.5.1",
                "optimist": "~0.5.2"
            }
        },
        "escape-html": {
            "version": "1.0.1",
            "resolved": "https://registry.npmjs.org/escape-html/-/escape-html-1.0.1.tgz",
            "integrity": "sha1-GBoobq05ejmpKFfPsdQwUuNWv/A=",
            "dev": true
        },
        "etag": {
            "version": "1.5.1",
            "resolved": "https://registry.npmjs.org/etag/-/etag-1.5.1.tgz",
            "integrity": "sha1-VMUN4E7kJpVWKSWsVmWIKRvn6eo=",
            "dev": true,
            "requires": {
                "crc": "3.2.1"
            }
        },
        "express": {
            "version": "4.10.8",
            "resolved": "https://registry.npmjs.org/express/-/express-4.10.8.tgz",
            "integrity": "sha1-LYNXHgZcDvsmecCl+a5mrqpHAko=",
            "dev": true,
            "requires": {
                "accepts": "~1.1.4",
                "content-disposition": "0.5.0",
                "cookie": "0.1.2",
                "cookie-signature": "1.0.5",
                "debug": "~2.1.1",
                "depd": "~1.0.0",
                "escape-html": "1.0.1",
                "etag": "~1.5.1",
                "finalhandler": "0.3.3",
                "fresh": "0.2.4",
                "media-typer": "0.3.0",
                "merge-descriptors": "0.0.2",
                "methods": "1.1.1",
                "on-finished": "~2.2.0",
                "parseurl": "~1.3.0",
                "path-to-regexp": "0.1.3",
                "proxy-addr": "~1.0.5",
                "qs": "2.3.3",
                "range-parser": "~1.0.2",
                "send": "0.10.1",
                "serve-static": "~1.7.2",
                "type-is": "~1.5.5",
                "utils-merge": "1.0.0",
                "vary": "~1.0.0"
            },
            "dependencies": {
                "debug": {
                    "version": "2.1.3",
                    "resolved": "https://registry.npmjs.org/debug/-/debug-2.1.3.tgz",
                    "integrity": "sha1-zoqxte6PvuK/o7Yzyrk9NmtjQY4=",
                    "dev": true,
                    "requires": {
                        "ms": "0.7.0"
                    }
                },
                "depd": {
                    "version": "1.0.1",
                    "resolved": "https://registry.npmjs.org/depd/-/depd-1.0.1.tgz",
                    "integrity": "sha1-gK7GTJ1tl+ZcwqnKqTwKpqv3Oqo=",
                    "dev": true
                },
                "ee-first": {
                    "version": "1.1.0",
                    "resolved": "https://registry.npmjs.org/ee-first/-/ee-first-1.1.0.tgz",
                    "integrity": "sha1-ag18YiHkkP7v2S7D9EHJzozQl/Q=",
                    "dev": true
                },
                "mime-db": {
                    "version": "1.12.0",
                    "resolved": "https://registry.npmjs.org/mime-db/-/mime-db-1.12.0.tgz",
                    "integrity": "sha1-PQxjGA9FjrENMlqqN9fFiuMS6dc=",
                    "dev": true
                },
                "mime-types": {
                    "version": "2.0.14",
                    "resolved": "https://registry.npmjs.org/mime-types/-/mime-types-2.0.14.tgz",
                    "integrity": "sha1-MQ4VnbI+B3+Lsit0jav6SVcUCqY=",
                    "dev": true,
                    "requires": {
                        "mime-db": "~1.12.0"
                    }
                },
                "ms": {
                    "version": "0.7.0",
                    "resolved": "https://registry.npmjs.org/ms/-/ms-0.7.0.tgz",
                    "integrity": "sha1-hlvpTC5zl62KV9pqYzpuLzB5i4M=",
                    "dev": true
                },
                "on-finished": {
                    "version": "2.2.1",
                    "resolved": "https://registry.npmjs.org/on-finished/-/on-finished-2.2.1.tgz",
                    "integrity": "sha1-XIXBzDYpn3gCllP2Z/J7a5nrwCk=",
                    "dev": true,
                    "requires": {
                        "ee-first": "1.1.0"
                    }
                },
                "qs": {
                    "version": "2.3.3",
                    "resolved": "https://registry.npmjs.org/qs/-/qs-2.3.3.tgz",
                    "integrity": "sha1-6eha2+ddoLvkyOBHaghikPhjtAQ=",
                    "dev": true
                },
                "type-is": {
                    "version": "1.5.7",
                    "resolved": "https://registry.npmjs.org/type-is/-/type-is-1.5.7.tgz",
                    "integrity": "sha1-uTaKWTzG730GReeLL0xky+zQXpA=",
                    "dev": true,
                    "requires": {
                        "media-typer": "0.3.0",
                        "mime-types": "~2.0.9"
                    }
                }
            }
        },
        "finalhandler": {
            "version": "0.3.3",
            "resolved": "https://registry.npmjs.org/finalhandler/-/finalhandler-0.3.3.tgz",
            "integrity": "sha1-saCaoeamB7NUFmmwm8tyf0YM1CY=",
            "dev": true,
            "requires": {
                "debug": "~2.1.1",
                "escape-html": "1.0.1",
                "on-finished": "~2.2.0"
            },
            "dependencies": {
                "debug": {
                    "version": "2.1.3",
                    "resolved": "https://registry.npmjs.org/debug/-/debug-2.1.3.tgz",
                    "integrity": "sha1-zoqxte6PvuK/o7Yzyrk9NmtjQY4=",
                    "dev": true,
                    "requires": {
                        "ms": "0.7.0"
                    }
                },
                "ee-first": {
                    "version": "1.1.0",
                    "resolved": "https://registry.npmjs.org/ee-first/-/ee-first-1.1.0.tgz",
                    "integrity": "sha1-ag18YiHkkP7v2S7D9EHJzozQl/Q=",
                    "dev": true
                },
                "ms": {
                    "version": "0.7.0",
                    "resolved": "https://registry.npmjs.org/ms/-/ms-0.7.0.tgz",
                    "integrity": "sha1-hlvpTC5zl62KV9pqYzpuLzB5i4M=",
                    "dev": true
                },
                "on-finished": {
                    "version": "2.2.1",
                    "resolved": "https://registry.npmjs.org/on-finished/-/on-finished-2.2.1.tgz",
                    "integrity": "sha1-XIXBzDYpn3gCllP2Z/J7a5nrwCk=",
                    "dev": true,
                    "requires": {
                        "ee-first": "1.1.0"
                    }
                }
            }
        },
        "forwarded": {
            "version": "0.1.0",
            "resolved": "https://registry.npmjs.org/forwarded/-/forwarded-0.1.0.tgz",
            "integrity": "sha1-Ge+YdMSuHCl7zweP3mOgm2aoQ2M=",
            "dev": true
        },
        "fresh": {
            "version": "0.2.4",
            "resolved": "https://registry.npmjs.org/fresh/-/fresh-0.2.4.tgz",
            "integrity": "sha1-NYJJkgbJcjcUGQ7ddLRgT+tKYUw=",
            "dev": true
        },
        "glob": {
            "version": "3.2.11",
            "resolved": "https://registry.npmjs.org/glob/-/glob-3.2.11.tgz",
            "integrity": "sha1-Spc/Y1uRkPcV0QmH1cAP0oFevj0=",
            "dev": true,
            "requires": {
                "inherits": "2",
                "minimatch": "0.3"
            }
        },
        "http-errors": {
            "version": "1.3.1",
            "resolved": "https://registry.npmjs.org/http-errors/-/http-errors-1.3.1.tgz",
            "integrity": "sha1-GX4izevUGYWF6GlO9nhhl7ke2UI=",
            "dev": true,
            "requires": {
                "inherits": "~2.0.1",
                "statuses": "1"
            }
        },
        "iconv-lite": {
            "version": "0.4.13",
            "resolved": "https://registry.npmjs.org/iconv-lite/-/iconv-lite-0.4.13.tgz",
            "integrity": "sha1-H4irpKsLFQjoMSrMOTRfNumS4vI=",
            "dev": true
        },
        "inherits": {
            "version": "2.0.3",
            "resolved": "https://registry.npmjs.org/inherits/-/inherits-2.0.3.tgz",
            "integrity": "sha1-Yzwsg+PaQqUC9SRmAiSA9CCCYd4=",
            "dev": true
        },
        "ipaddr.js": {
            "version": "1.0.5",
            "resolved": "https://registry.npmjs.org/ipaddr.js/-/ipaddr.js-1.0.5.tgz",
            "integrity": "sha1-X6eM8wG4JceKvDBC2BJyMEnqI8c=",
            "dev": true
        },
        "lru-cache": {
            "version": "2.7.3",
            "resolved": "https://registry.npmjs.org/lru-cache/-/lru-cache-2.7.3.tgz",
            "integrity": "sha1-bUUk6LlV+V1PW1iFHOId1y+06VI=",
            "dev": true
        },
        "marked": {
            "version": "0.3.2",
            "resolved": "https://registry.npmjs.org/marked/-/marked-0.3.2.tgz",
            "integrity": "sha1-AV2xWIZEOPJKZL3WGgQotBhwbQk=",
            "dev": true
        },
        "media-typer": {
            "version": "0.3.0",
            "resolved": "https://registry.npmjs.org/media-typer/-/media-typer-0.3.0.tgz",
            "integrity": "sha1-hxDXrwqmJvj/+hzgAWhUUmMlV0g=",
            "dev": true
        },
        "merge-descriptors": {
            "version": "0.0.2",
            "resolved": "https://registry.npmjs.org/merge-descriptors/-/merge-descriptors-0.0.2.tgz",
            "integrity": "sha1-w2pSp4FDdRPFcnXzndnTF1FKyMc=",
            "dev": true
        },
        "methods": {
            "version": "1.1.1",
            "resolved": "https://registry.npmjs.org/methods/-/methods-1.1.1.tgz",
            "integrity": "sha1-F+pjZgZtAMWON1uOx9/QRTyJgio=",
            "dev": true
        },
        "mime": {
            "version": "1.2.11",
            "resolved": "https://registry.npmjs.org/mime/-/mime-1.2.11.tgz",
            "integrity": "sha1-WCA+7Ybjpe8XrtK32evUfwpg3RA=",
            "dev": true
        },
        "mime-db": {
            "version": "1.20.0",
            "resolved": "https://registry.npmjs.org/mime-db/-/mime-db-1.20.0.tgz",
            "integrity": "sha1-SW+Q/QH+DgMciCPsOqlFD/2hjtg=",
            "dev": true
        },
        "mime-types": {
            "version": "2.1.8",
            "resolved": "https://registry.npmjs.org/mime-types/-/mime-types-2.1.8.tgz",
            "integrity": "sha1-+vV4I94EvHy/9O6CxrY5RugSrnI=",
            "dev": true,
            "requires": {
                "mime-db": "~1.20.0"
            }
        },
        "minimatch": {
            "version": "0.3.0",
            "resolved": "https://registry.npmjs.org/minimatch/-/minimatch-0.3.0.tgz",
            "integrity": "sha1-J12O2qxPG7MyZHIInnlJyDlGmd0=",
            "dev": true,
            "requires": {
                "lru-cache": "2",
                "sigmund": "~1.0.0"
            }
        },
        "minimist": {
            "version": "0.0.8",
            "resolved": "https://registry.npmjs.org/minimist/-/minimist-0.0.8.tgz",
            "integrity": "sha1-hX/Kv8M5fSYluCKCYuhqp6ARsF0=",
            "dev": true
        },
        "mkdirp": {
            "version": "0.5.1",
            "resolved": "https://registry.npmjs.org/mkdirp/-/mkdirp-0.5.1.tgz",
            "integrity": "sha1-MAV0OOrGz3+MR2fzhkjWaX11yQM=",
            "dev": true,
            "requires": {
                "minimist": "0.0.8"
            }
        },
        "ms": {
            "version": "0.7.1",
            "resolved": "https://registry.npmjs.org/ms/-/ms-0.7.1.tgz",
            "integrity": "sha1-nNE8A62/8ltl7/3nzoZO6VIBcJg=",
            "dev": true
        },
        "negotiator": {
            "version": "0.4.9",
            "resolved": "https://registry.npmjs.org/negotiator/-/negotiator-0.4.9.tgz",
            "integrity": "sha1-kuRrbbU8fkIe1koryU8IvnYw3z8=",
            "dev": true
        },
        "on-finished": {
            "version": "2.3.0",
            "resolved": "https://registry.npmjs.org/on-finished/-/on-finished-2.3.0.tgz",
            "integrity": "sha1-IPEzZIGwg811M3mSoWlxqi2QaUc=",
            "dev": true,
            "requires": {
                "ee-first": "1.1.1"
            }
        },
        "optimist": {
            "version": "0.5.2",
            "resolved": "https://registry.npmjs.org/optimist/-/optimist-0.5.2.tgz",
            "integrity": "sha1-hcjBRUszFeSniUfoV7HfAzRQv7w=",
            "dev": true,
            "requires": {
                "wordwrap": "~0.0.2"
            }
        },
        "optparse": {
            "version": "1.0.5",
            "resolved": "https://registry.npmjs.org/optparse/-/optparse-1.0.5.tgz",
            "integrity": "sha1-dedallBmEescZbqJAY/wipgeLBY="
        },
        "parseurl": {
            "version": "1.3.1",
            "resolved": "https://registry.npmjs.org/parseurl/-/parseurl-1.3.1.tgz",
            "integrity": "sha1-yKuMkiO6NIiKpkopeyiFO+wY2lY=",
            "dev": true
        },
        "path-to-regexp": {
            "version": "0.1.3",
            "resolved": "https://registry.npmjs.org/path-to-regexp/-/path-to-regexp-0.1.3.tgz",
            "integrity": "sha1-IbmrgidCed4lsVbqCP0SylG4rss=",
            "dev": true
        },
        "proxy-addr": {
            "version": "1.0.10",
            "resolved": "https://registry.npmjs.org/proxy-addr/-/proxy-addr-1.0.10.tgz",
            "integrity": "sha1-DUCoL4Afw1VWfS7LZe/j8HfxIcU=",
            "dev": true,
            "requires": {
                "forwarded": "~0.1.0",
                "ipaddr.js": "1.0.5"
            }
        },
        "qs": {
            "version": "5.2.0",
            "resolved": "https://registry.npmjs.org/qs/-/qs-5.2.0.tgz",
            "integrity": "sha1-qfMRQq9GjLcrJbMBNrokVoNJFr4=",
            "dev": true
        },
        "range-parser": {
            "version": "1.0.3",
            "resolved": "https://registry.npmjs.org/range-parser/-/range-parser-1.0.3.tgz",
            "integrity": "sha1-aHKCNTXGkuLCoBA4Jq/YLC4P8XU=",
            "dev": true
        },
        "raw-body": {
            "version": "2.1.5",
            "resolved": "https://registry.npmjs.org/raw-body/-/raw-body-2.1.5.tgz",
            "integrity": "sha1-i+jwnd79DXKtmdiDq38Mw1BCCVY=",
            "dev": true,
            "requires": {
                "bytes": "2.2.0",
                "iconv-lite": "0.4.13",
                "unpipe": "1.0.0"
            }
        },
        "send": {
            "version": "0.10.1",
            "resolved": "https://registry.npmjs.org/send/-/send-0.10.1.tgz",
            "integrity": "sha1-d0XFDscvEVEVmA6PsXmuwBkA4Io=",
            "dev": true,
            "requires": {
                "debug": "~2.1.0",
                "depd": "~1.0.0",
                "destroy": "1.0.3",
                "escape-html": "1.0.1",
                "etag": "~1.5.0",
                "fresh": "0.2.4",
                "mime": "1.2.11",
                "ms": "0.6.2",
                "on-finished": "~2.1.1",
                "range-parser": "~1.0.2"
            },
            "dependencies": {
                "debug": {
                    "version": "2.1.3",
                    "resolved": "https://registry.npmjs.org/debug/-/debug-2.1.3.tgz",
                    "integrity": "sha1-zoqxte6PvuK/o7Yzyrk9NmtjQY4=",
                    "dev": true,
                    "requires": {
                        "ms": "0.7.0"
                    },
                    "dependencies": {
                        "ms": {
                            "version": "0.7.0",
                            "resolved": "https://registry.npmjs.org/ms/-/ms-0.7.0.tgz",
                            "integrity": "sha1-hlvpTC5zl62KV9pqYzpuLzB5i4M=",
                            "dev": true
                        }
                    }
                },
                "depd": {
                    "version": "1.0.1",
                    "resolved": "https://registry.npmjs.org/depd/-/depd-1.0.1.tgz",
                    "integrity": "sha1-gK7GTJ1tl+ZcwqnKqTwKpqv3Oqo=",
                    "dev": true
                },
                "ee-first": {
                    "version": "1.1.0",
                    "resolved": "https://registry.npmjs.org/ee-first/-/ee-first-1.1.0.tgz",
                    "integrity": "sha1-ag18YiHkkP7v2S7D9EHJzozQl/Q=",
                    "dev": true
                },
                "ms": {
                    "version": "0.6.2",
                    "resolved": "https://registry.npmjs.org/ms/-/ms-0.6.2.tgz",
                    "integrity": "sha1-2JwhJMb9wTU9Zai3e/GqxLGTcIw=",
                    "dev": true
                },
                "on-finished": {
                    "version": "2.1.1",
                    "resolved": "https://registry.npmjs.org/on-finished/-/on-finished-2.1.1.tgz",
                    "integrity": "sha1-+CyhyeOk8yhrG5k4YQ5bhja9PLI=",
                    "dev": true,
                    "requires": {
                        "ee-first": "1.1.0"
                    }
                }
            }
        },
        "serve-static": {
            "version": "1.7.2",
            "resolved": "https://registry.npmjs.org/serve-static/-/serve-static-1.7.2.tgz",
            "integrity": "sha1-MWTOBtTmw0Wb3MnWAY+0+zXoSzk=",
            "dev": true,
            "requires": {
                "escape-html": "1.0.1",
                "parseurl": "~1.3.0",
                "send": "0.10.1",
                "utils-merge": "1.0.0"
            }
        },
        "sigmund": {
            "version": "1.0.1",
            "resolved": "https://registry.npmjs.org/sigmund/-/sigmund-1.0.1.tgz",
            "integrity": "sha1-P/IfGYytIXX587eBhT/ZTQ0ZtZA=",
            "dev": true
        },
        "statuses": {
            "version": "1.2.1",
            "resolved": "https://registry.npmjs.org/statuses/-/statuses-1.2.1.tgz",
            "integrity": "sha1-3e1FzBglbVHtQK7BQkidXGECbSg=",
            "dev": true
        },
        "type-is": {
            "version": "1.6.10",
            "resolved": "https://registry.npmjs.org/type-is/-/type-is-1.6.10.tgz",
            "integrity": "sha1-0n6ZWyDYwqVD80IFc/aQo5Kf11o=",
            "dev": true,
            "requires": {
                "media-typer": "0.3.0",
                "mime-types": "~2.1.8"
            }
        },
        "uglifyjs": {
            "version": "2.4.11",
            "resolved": "https://registry.npmjs.org/uglifyjs/-/uglifyjs-2.4.11.tgz",
            "integrity": "sha1-NEDWTgRXWViVJEGOtkHGi7kNET4=",
            "dev": true
        },
        "underscore": {
            "version": "1.2.2",
            "resolved": "https://registry.npmjs.org/underscore/-/underscore-1.2.2.tgz",
            "integrity": "sha1-dN1A6frOhOck6y7a6UW4rtwjO6M="
        },
        "underscore.string": {
            "version": "2.0.0",
            "resolved": "https://registry.npmjs.org/underscore.string/-/underscore.string-2.0.0.tgz",
            "integrity": "sha1-dHCFilSguzVg0DfaVtzGe1GB4Ro="
        },
        "unpipe": {
            "version": "1.0.0",
            "resolved": "https://registry.npmjs.org/unpipe/-/unpipe-1.0.0.tgz",
            "integrity": "sha1-sr9O6FFKrmFltIF4KdIbLvSZBOw=",
            "dev": true
        },
        "utils-merge": {
            "version": "1.0.0",
            "resolved": "https://registry.npmjs.org/utils-merge/-/utils-merge-1.0.0.tgz",
            "integrity": "sha1-ApT7kiu5N1FTVBxPcJYjHyh8ivg=",
            "dev": true
        },
        "vary": {
            "version": "1.0.1",
            "resolved": "https://registry.npmjs.org/vary/-/vary-1.0.1.tgz",
            "integrity": "sha1-meSYFWaihhGN+yuBc1ffeZM3bRA=",
            "dev": true
        },
        "wordwrap": {
            "version": "0.0.3",
            "resolved": "https://registry.npmjs.org/wordwrap/-/wordwrap-0.0.3.tgz",
            "integrity": "sha1-o9XabNXAvAAI03I0u68b7WMFkQc=",
            "dev": true
        }
    }
}
